// !$*UTF8*$!
{
	archiveVersion = 1;
	classes = {
	};
	objectVersion = 56;
	objects = {

/* Begin PBXBuildFile section */
		773241952B73331B000DD570 /* MonleyApp.swift in Sources */ = {isa = PBXBuildFile; fileRef = 773241942B73331B000DD570 /* MonleyApp.swift */; };
		773241972B73331B000DD570 /* ContentView.swift in Sources */ = {isa = PBXBuildFile; fileRef = 773241962B73331B000DD570 /* ContentView.swift */; };
		773241992B73331C000DD570 /* Assets.xcassets in Resources */ = {isa = PBXBuildFile; fileRef = 773241982B73331C000DD570 /* Assets.xcassets */; };
		7732419D2B73331C000DD570 /* Preview Assets.xcassets in Resources */ = {isa = PBXBuildFile; fileRef = 7732419C2B73331C000DD570 /* Preview Assets.xcassets */; };
		773241A72B73331D000DD570 /* MonleyTests.swift in Sources */ = {isa = PBXBuildFile; fileRef = 773241A62B73331D000DD570 /* MonleyTests.swift */; };
		773241B12B73331D000DD570 /* MonleyUITests.swift in Sources */ = {isa = PBXBuildFile; fileRef = 773241B02B73331D000DD570 /* MonleyUITests.swift */; };
		773241B32B73331D000DD570 /* MonleyUITestsLaunchTests.swift in Sources */ = {isa = PBXBuildFile; fileRef = 773241B22B73331D000DD570 /* MonleyUITestsLaunchTests.swift */; };
/* End PBXBuildFile section */

/* Begin PBXContainerItemProxy section */
		773241A32B73331D000DD570 /* PBXContainerItemProxy */ = {
			isa = PBXContainerItemProxy;
			containerPortal = 773241892B73331B000DD570 /* Project object */;
			proxyType = 1;
			remoteGlobalIDString = 773241902B73331B000DD570;
			remoteInfo = Monley;
		};
		773241AD2B73331D000DD570 /* PBXContainerItemProxy */ = {
			isa = PBXContainerItemProxy;
			containerPortal = 773241892B73331B000DD570 /* Project object */;
			proxyType = 1;
			remoteGlobalIDString = 773241902B73331B000DD570;
			remoteInfo = Monley;
		};
/* End PBXContainerItemProxy section */

/* Begin PBXFileReference section */
		773241912B73331B000DD570 /* Monley.app */ = {isa = PBXFileReference; explicitFileType = wrapper.application; includeInIndex = 0; path = Monley.app; sourceTree = BUILT_PRODUCTS_DIR; };
		773241942B73331B000DD570 /* MonleyApp.swift */ = {isa = PBXFileReference; lastKnownFileType = sourcecode.swift; path = MonleyApp.swift; sourceTree = "<group>"; };
		773241962B73331B000DD570 /* ContentView.swift */ = {isa = PBXFileReference; lastKnownFileType = sourcecode.swift; path = ContentView.swift; sourceTree = "<group>"; };
		773241982B73331C000DD570 /* Assets.xcassets */ = {isa = PBXFileReference; lastKnownFileType = folder.assetcatalog; path = Assets.xcassets; sourceTree = "<group>"; };
		7732419A2B73331C000DD570 /* Monley.entitlements */ = {isa = PBXFileReference; lastKnownFileType = text.plist.entitlements; path = Monley.entitlements; sourceTree = "<group>"; };
		7732419C2B73331C000DD570 /* Preview Assets.xcassets */ = {isa = PBXFileReference; lastKnownFileType = folder.assetcatalog; path = "Preview Assets.xcassets"; sourceTree = "<group>"; };
		773241A22B73331D000DD570 /* MonleyTests.xctest */ = {isa = PBXFileReference; explicitFileType = wrapper.cfbundle; includeInIndex = 0; path = MonleyTests.xctest; sourceTree = BUILT_PRODUCTS_DIR; };
		773241A62B73331D000DD570 /* MonleyTests.swift */ = {isa = PBXFileReference; lastKnownFileType = sourcecode.swift; path = MonleyTests.swift; sourceTree = "<group>"; };
		773241AC2B73331D000DD570 /* MonleyUITests.xctest */ = {isa = PBXFileReference; explicitFileType = wrapper.cfbundle; includeInIndex = 0; path = MonleyUITests.xctest; sourceTree = BUILT_PRODUCTS_DIR; };
		773241B02B73331D000DD570 /* MonleyUITests.swift */ = {isa = PBXFileReference; lastKnownFileType = sourcecode.swift; path = MonleyUITests.swift; sourceTree = "<group>"; };
		773241B22B73331D000DD570 /* MonleyUITestsLaunchTests.swift */ = {isa = PBXFileReference; lastKnownFileType = sourcecode.swift; path = MonleyUITestsLaunchTests.swift; sourceTree = "<group>"; };
/* End PBXFileReference section */

/* Begin PBXFrameworksBuildPhase section */
		7732418E2B73331B000DD570 /* Frameworks */ = {
			isa = PBXFrameworksBuildPhase;
			buildActionMask = 2147483647;
			files = (
			);
			runOnlyForDeploymentPostprocessing = 0;
		};
		7732419F2B73331D000DD570 /* Frameworks */ = {
			isa = PBXFrameworksBuildPhase;
			buildActionMask = 2147483647;
			files = (
			);
			runOnlyForDeploymentPostprocessing = 0;
		};
		773241A92B73331D000DD570 /* Frameworks */ = {
			isa = PBXFrameworksBuildPhase;
			buildActionMask = 2147483647;
			files = (
			);
			runOnlyForDeploymentPostprocessing = 0;
		};
/* End PBXFrameworksBuildPhase section */

/* Begin PBXGroup section */
		773241882B73331B000DD570 = {
			isa = PBXGroup;
			children = (
				773241932B73331B000DD570 /* Monley */,
				773241A52B73331D000DD570 /* MonleyTests */,
				773241AF2B73331D000DD570 /* MonleyUITests */,
				773241922B73331B000DD570 /* Products */,
			);
			sourceTree = "<group>";
		};
		773241922B73331B000DD570 /* Products */ = {
			isa = PBXGroup;
			children = (
				773241912B73331B000DD570 /* Monley.app */,
				773241A22B73331D000DD570 /* MonleyTests.xctest */,
				773241AC2B73331D000DD570 /* MonleyUITests.xctest */,
			);
			name = Products;
			sourceTree = "<group>";
		};
		773241932B73331B000DD570 /* Monley */ = {
			isa = PBXGroup;
			children = (
				773241942B73331B000DD570 /* MonleyApp.swift */,
				773241962B73331B000DD570 /* ContentView.swift */,
				773241982B73331C000DD570 /* Assets.xcassets */,
				7732419A2B73331C000DD570 /* Monley.entitlements */,
				7732419B2B73331C000DD570 /* Preview Content */,
			);
			path = Monley;
			sourceTree = "<group>";
		};
		7732419B2B73331C000DD570 /* Preview Content */ = {
			isa = PBXGroup;
			children = (
				7732419C2B73331C000DD570 /* Preview Assets.xcassets */,
			);
			path = "Preview Content";
			sourceTree = "<group>";
		};
		773241A52B73331D000DD570 /* MonleyTests */ = {
			isa = PBXGroup;
			children = (
				773241A62B73331D000DD570 /* MonleyTests.swift */,
			);
			path = MonleyTests;
			sourceTree = "<group>";
		};
		773241AF2B73331D000DD570 /* MonleyUITests */ = {
			isa = PBXGroup;
			children = (
				773241B02B73331D000DD570 /* MonleyUITests.swift */,
				773241B22B73331D000DD570 /* MonleyUITestsLaunchTests.swift */,
			);
			path = MonleyUITests;
			sourceTree = "<group>";
		};
/* End PBXGroup section */

/* Begin PBXNativeTarget section */
		773241902B73331B000DD570 /* Monley */ = {
			isa = PBXNativeTarget;
			buildConfigurationList = 773241B62B73331D000DD570 /* Build configuration list for PBXNativeTarget "Monley" */;
			buildPhases = (
				7732418D2B73331B000DD570 /* Sources */,
				7732418E2B73331B000DD570 /* Frameworks */,
				7732418F2B73331B000DD570 /* Resources */,
			);
			buildRules = (
			);
			dependencies = (
			);
			name = Monley;
			productName = Monley;
			productReference = 773241912B73331B000DD570 /* Monley.app */;
			productType = "com.apple.product-type.application";
		};
		773241A12B73331D000DD570 /* MonleyTests */ = {
			isa = PBXNativeTarget;
			buildConfigurationList = 773241B92B73331D000DD570 /* Build configuration list for PBXNativeTarget "MonleyTests" */;
			buildPhases = (
				7732419E2B73331D000DD570 /* Sources */,
				7732419F2B73331D000DD570 /* Frameworks */,
				773241A02B73331D000DD570 /* Resources */,
			);
			buildRules = (
			);
			dependencies = (
				773241A42B73331D000DD570 /* PBXTargetDependency */,
			);
			name = MonleyTests;
			productName = MonleyTests;
			productReference = 773241A22B73331D000DD570 /* MonleyTests.xctest */;
			productType = "com.apple.product-type.bundle.unit-test";
		};
		773241AB2B73331D000DD570 /* MonleyUITests */ = {
			isa = PBXNativeTarget;
			buildConfigurationList = 773241BC2B73331D000DD570 /* Build configuration list for PBXNativeTarget "MonleyUITests" */;
			buildPhases = (
				773241A82B73331D000DD570 /* Sources */,
				773241A92B73331D000DD570 /* Frameworks */,
				773241AA2B73331D000DD570 /* Resources */,
			);
			buildRules = (
			);
			dependencies = (
				773241AE2B73331D000DD570 /* PBXTargetDependency */,
			);
			name = MonleyUITests;
			productName = MonleyUITests;
			productReference = 773241AC2B73331D000DD570 /* MonleyUITests.xctest */;
			productType = "com.apple.product-type.bundle.ui-testing";
		};
/* End PBXNativeTarget section */

/* Begin PBXProject section */
		773241892B73331B000DD570 /* Project object */ = {
			isa = PBXProject;
			attributes = {
				BuildIndependentTargetsInParallel = 1;
				LastSwiftUpdateCheck = 1520;
				LastUpgradeCheck = 1520;
				TargetAttributes = {
					773241902B73331B000DD570 = {
						CreatedOnToolsVersion = 15.2;
					};
					773241A12B73331D000DD570 = {
						CreatedOnToolsVersion = 15.2;
						TestTargetID = 773241902B73331B000DD570;
					};
					773241AB2B73331D000DD570 = {
						CreatedOnToolsVersion = 15.2;
						TestTargetID = 773241902B73331B000DD570;
					};
				};
			};
			buildConfigurationList = 7732418C2B73331B000DD570 /* Build configuration list for PBXProject "Monley" */;
			compatibilityVersion = "Xcode 14.0";
			developmentRegion = en;
			hasScannedForEncodings = 0;
			knownRegions = (
				en,
				Base,
			);
			mainGroup = 773241882B73331B000DD570;
			productRefGroup = 773241922B73331B000DD570 /* Products */;
			projectDirPath = "";
			projectRoot = "";
			targets = (
				773241902B73331B000DD570 /* Monley */,
				773241A12B73331D000DD570 /* MonleyTests */,
				773241AB2B73331D000DD570 /* MonleyUITests */,
			);
		};
/* End PBXProject section */

/* Begin PBXResourcesBuildPhase section */
		7732418F2B73331B000DD570 /* Resources */ = {
			isa = PBXResourcesBuildPhase;
			buildActionMask = 2147483647;
			files = (
				7732419D2B73331C000DD570 /* Preview Assets.xcassets in Resources */,
				773241992B73331C000DD570 /* Assets.xcassets in Resources */,
			);
			runOnlyForDeploymentPostprocessing = 0;
		};
		773241A02B73331D000DD570 /* Resources */ = {
			isa = PBXResourcesBuildPhase;
			buildActionMask = 2147483647;
			files = (
			);
			runOnlyForDeploymentPostprocessing = 0;
		};
		773241AA2B73331D000DD570 /* Resources */ = {
			isa = PBXResourcesBuildPhase;
			buildActionMask = 2147483647;
			files = (
			);
			runOnlyForDeploymentPostprocessing = 0;
		};
/* End PBXResourcesBuildPhase section */

/* Begin PBXSourcesBuildPhase section */
		7732418D2B73331B000DD570 /* Sources */ = {
			isa = PBXSourcesBuildPhase;
			buildActionMask = 2147483647;
			files = (
				773241972B73331B000DD570 /* ContentView.swift in Sources */,
				773241952B73331B000DD570 /* MonleyApp.swift in Sources */,
			);
			runOnlyForDeploymentPostprocessing = 0;
		};
		7732419E2B73331D000DD570 /* Sources */ = {
			isa = PBXSourcesBuildPhase;
			buildActionMask = 2147483647;
			files = (
				773241A72B73331D000DD570 /* MonleyTests.swift in Sources */,
			);
			runOnlyForDeploymentPostprocessing = 0;
		};
		773241A82B73331D000DD570 /* Sources */ = {
			isa = PBXSourcesBuildPhase;
			buildActionMask = 2147483647;
			files = (
				773241B32B73331D000DD570 /* MonleyUITestsLaunchTests.swift in Sources */,
				773241B12B73331D000DD570 /* MonleyUITests.swift in Sources */,
			);
			runOnlyForDeploymentPostprocessing = 0;
		};
/* End PBXSourcesBuildPhase section */

/* Begin PBXTargetDependency section */
		773241A42B73331D000DD570 /* PBXTargetDependency */ = {
			isa = PBXTargetDependency;
			target = 773241902B73331B000DD570 /* Monley */;
			targetProxy = 773241A32B73331D000DD570 /* PBXContainerItemProxy */;
		};
		773241AE2B73331D000DD570 /* PBXTargetDependency */ = {
			isa = PBXTargetDependency;
			target = 773241902B73331B000DD570 /* Monley */;
			targetProxy = 773241AD2B73331D000DD570 /* PBXContainerItemProxy */;
		};
/* End PBXTargetDependency section */

/* Begin XCBuildConfiguration section */
		773241B42B73331D000DD570 /* Debug */ = {
			isa = XCBuildConfiguration;
			buildSettings = {
				ALWAYS_SEARCH_USER_PATHS = NO;
				ASSETCATALOG_COMPILER_GENERATE_SWIFT_ASSET_SYMBOL_EXTENSIONS = YES;
				CLANG_ANALYZER_NONNULL = YES;
				CLANG_ANALYZER_NUMBER_OBJECT_CONVERSION = YES_AGGRESSIVE;
				CLANG_CXX_LANGUAGE_STANDARD = "gnu++20";
				CLANG_ENABLE_MODULES = YES;
				CLANG_ENABLE_OBJC_ARC = YES;
				CLANG_ENABLE_OBJC_WEAK = YES;
				CLANG_WARN_BLOCK_CAPTURE_AUTORELEASING = YES;
				CLANG_WARN_BOOL_CONVERSION = YES;
				CLANG_WARN_COMMA = YES;
				CLANG_WARN_CONSTANT_CONVERSION = YES;
				CLANG_WARN_DEPRECATED_OBJC_IMPLEMENTATIONS = YES;
				CLANG_WARN_DIRECT_OBJC_ISA_USAGE = YES_ERROR;
				CLANG_WARN_DOCUMENTATION_COMMENTS = YES;
				CLANG_WARN_EMPTY_BODY = YES;
				CLANG_WARN_ENUM_CONVERSION = YES;
				CLANG_WARN_INFINITE_RECURSION = YES;
				CLANG_WARN_INT_CONVERSION = YES;
				CLANG_WARN_NON_LITERAL_NULL_CONVERSION = YES;
				CLANG_WARN_OBJC_IMPLICIT_RETAIN_SELF = YES;
				CLANG_WARN_OBJC_LITERAL_CONVERSION = YES;
				CLANG_WARN_OBJC_ROOT_CLASS = YES_ERROR;
				CLANG_WARN_QUOTED_INCLUDE_IN_FRAMEWORK_HEADER = YES;
				CLANG_WARN_RANGE_LOOP_ANALYSIS = YES;
				CLANG_WARN_STRICT_PROTOTYPES = YES;
				CLANG_WARN_SUSPICIOUS_MOVE = YES;
				CLANG_WARN_UNGUARDED_AVAILABILITY = YES_AGGRESSIVE;
				CLANG_WARN_UNREACHABLE_CODE = YES;
				CLANG_WARN__DUPLICATE_METHOD_MATCH = YES;
				COPY_PHASE_STRIP = NO;
				DEBUG_INFORMATION_FORMAT = dwarf;
				ENABLE_STRICT_OBJC_MSGSEND = YES;
				ENABLE_TESTABILITY = YES;
				ENABLE_USER_SCRIPT_SANDBOXING = YES;
				GCC_C_LANGUAGE_STANDARD = gnu17;
				GCC_DYNAMIC_NO_PIC = NO;
				GCC_NO_COMMON_BLOCKS = YES;
				GCC_OPTIMIZATION_LEVEL = 0;
				GCC_PREPROCESSOR_DEFINITIONS = (
					"DEBUG=1",
					"$(inherited)",
				);
				GCC_WARN_64_TO_32_BIT_CONVERSION = YES;
				GCC_WARN_ABOUT_RETURN_TYPE = YES_ERROR;
				GCC_WARN_UNDECLARED_SELECTOR = YES;
				GCC_WARN_UNINITIALIZED_AUTOS = YES_AGGRESSIVE;
				GCC_WARN_UNUSED_FUNCTION = YES;
				GCC_WARN_UNUSED_VARIABLE = YES;
				LOCALIZATION_PREFERS_STRING_CATALOGS = YES;
				MTL_ENABLE_DEBUG_INFO = INCLUDE_SOURCE;
				MTL_FAST_MATH = YES;
				ONLY_ACTIVE_ARCH = YES;
				SWIFT_ACTIVE_COMPILATION_CONDITIONS = "DEBUG $(inherited)";
				SWIFT_OPTIMIZATION_LEVEL = "-Onone";
			};
			name = Debug;
		};
		773241B52B73331D000DD570 /* Release */ = {
			isa = XCBuildConfiguration;
			buildSettings = {
				ALWAYS_SEARCH_USER_PATHS = NO;
				ASSETCATALOG_COMPILER_GENERATE_SWIFT_ASSET_SYMBOL_EXTENSIONS = YES;
				CLANG_ANALYZER_NONNULL = YES;
				CLANG_ANALYZER_NUMBER_OBJECT_CONVERSION = YES_AGGRESSIVE;
				CLANG_CXX_LANGUAGE_STANDARD = "gnu++20";
				CLANG_ENABLE_MODULES = YES;
				CLANG_ENABLE_OBJC_ARC = YES;
				CLANG_ENABLE_OBJC_WEAK = YES;
				CLANG_WARN_BLOCK_CAPTURE_AUTORELEASING = YES;
				CLANG_WARN_BOOL_CONVERSION = YES;
				CLANG_WARN_COMMA = YES;
				CLANG_WARN_CONSTANT_CONVERSION = YES;
				CLANG_WARN_DEPRECATED_OBJC_IMPLEMENTATIONS = YES;
				CLANG_WARN_DIRECT_OBJC_ISA_USAGE = YES_ERROR;
				CLANG_WARN_DOCUMENTATION_COMMENTS = YES;
				CLANG_WARN_EMPTY_BODY = YES;
				CLANG_WARN_ENUM_CONVERSION = YES;
				CLANG_WARN_INFINITE_RECURSION = YES;
				CLANG_WARN_INT_CONVERSION = YES;
				CLANG_WARN_NON_LITERAL_NULL_CONVERSION = YES;
				CLANG_WARN_OBJC_IMPLICIT_RETAIN_SELF = YES;
				CLANG_WARN_OBJC_LITERAL_CONVERSION = YES;
				CLANG_WARN_OBJC_ROOT_CLASS = YES_ERROR;
				CLANG_WARN_QUOTED_INCLUDE_IN_FRAMEWORK_HEADER = YES;
				CLANG_WARN_RANGE_LOOP_ANALYSIS = YES;
				CLANG_WARN_STRICT_PROTOTYPES = YES;
				CLANG_WARN_SUSPICIOUS_MOVE = YES;
				CLANG_WARN_UNGUARDED_AVAILABILITY = YES_AGGRESSIVE;
				CLANG_WARN_UNREACHABLE_CODE = YES;
				CLANG_WARN__DUPLICATE_METHOD_MATCH = YES;
				COPY_PHASE_STRIP = NO;
				DEBUG_INFORMATION_FORMAT = "dwarf-with-dsym";
				ENABLE_NS_ASSERTIONS = NO;
				ENABLE_STRICT_OBJC_MSGSEND = YES;
				ENABLE_USER_SCRIPT_SANDBOXING = YES;
				GCC_C_LANGUAGE_STANDARD = gnu17;
				GCC_NO_COMMON_BLOCKS = YES;
				GCC_WARN_64_TO_32_BIT_CONVERSION = YES;
				GCC_WARN_ABOUT_RETURN_TYPE = YES_ERROR;
				GCC_WARN_UNDECLARED_SELECTOR = YES;
				GCC_WARN_UNINITIALIZED_AUTOS = YES_AGGRESSIVE;
				GCC_WARN_UNUSED_FUNCTION = YES;
				GCC_WARN_UNUSED_VARIABLE = YES;
				LOCALIZATION_PREFERS_STRING_CATALOGS = YES;
				MTL_ENABLE_DEBUG_INFO = NO;
				MTL_FAST_MATH = YES;
				SWIFT_COMPILATION_MODE = wholemodule;
			};
			name = Release;
		};
		773241B72B73331D000DD570 /* Debug */ = {
			isa = XCBuildConfiguration;
			buildSettings = {
				ASSETCATALOG_COMPILER_APPICON_NAME = AppIcon;
				ASSETCATALOG_COMPILER_GLOBAL_ACCENT_COLOR_NAME = AccentColor;
				CODE_SIGN_ENTITLEMENTS = Monley/Monley.entitlements;
				CODE_SIGN_STYLE = Automatic;
				CURRENT_PROJECT_VERSION = 1;
				DEVELOPMENT_ASSET_PATHS = "\"Monley/Preview Content\"";
				DEVELOPMENT_TEAM = 7SZG58ZTGU;
				ENABLE_HARDENED_RUNTIME = YES;
				ENABLE_PREVIEWS = YES;
				GENERATE_INFOPLIST_FILE = YES;
				"INFOPLIST_KEY_UIApplicationSceneManifest_Generation[sdk=iphoneos*]" = YES;
				"INFOPLIST_KEY_UIApplicationSceneManifest_Generation[sdk=iphonesimulator*]" = YES;
				"INFOPLIST_KEY_UIApplicationSupportsIndirectInputEvents[sdk=iphoneos*]" = YES;
				"INFOPLIST_KEY_UIApplicationSupportsIndirectInputEvents[sdk=iphonesimulator*]" = YES;
				"INFOPLIST_KEY_UILaunchScreen_Generation[sdk=iphoneos*]" = YES;
				"INFOPLIST_KEY_UILaunchScreen_Generation[sdk=iphonesimulator*]" = YES;
				"INFOPLIST_KEY_UIStatusBarStyle[sdk=iphoneos*]" = UIStatusBarStyleDefault;
				"INFOPLIST_KEY_UIStatusBarStyle[sdk=iphonesimulator*]" = UIStatusBarStyleDefault;
				INFOPLIST_KEY_UISupportedInterfaceOrientations_iPad = "UIInterfaceOrientationPortrait UIInterfaceOrientationPortraitUpsideDown UIInterfaceOrientationLandscapeLeft UIInterfaceOrientationLandscapeRight";
				INFOPLIST_KEY_UISupportedInterfaceOrientations_iPhone = "UIInterfaceOrientationPortrait UIInterfaceOrientationLandscapeLeft UIInterfaceOrientationLandscapeRight";
				IPHONEOS_DEPLOYMENT_TARGET = 17.2;
				LD_RUNPATH_SEARCH_PATHS = "@executable_path/Frameworks";
				"LD_RUNPATH_SEARCH_PATHS[sdk=macosx*]" = "@executable_path/../Frameworks";
				MACOSX_DEPLOYMENT_TARGET = 14.2;
				MARKETING_VERSION = 1.0;
				PRODUCT_BUNDLE_IDENTIFIER = com.monley.Monley;
				PRODUCT_NAME = "$(TARGET_NAME)";
				SDKROOT = auto;
				SUPPORTED_PLATFORMS = "iphoneos iphonesimulator macosx";
				SWIFT_EMIT_LOC_STRINGS = YES;
				SWIFT_VERSION = 5.0;
				TARGETED_DEVICE_FAMILY = "1,2";
			};
			name = Debug;
		};
		773241B82B73331D000DD570 /* Release */ = {
			isa = XCBuildConfiguration;
			buildSettings = {
				ASSETCATALOG_COMPILER_APPICON_NAME = AppIcon;
				ASSETCATALOG_COMPILER_GLOBAL_ACCENT_COLOR_NAME = AccentColor;
				CODE_SIGN_ENTITLEMENTS = Monley/Monley.entitlements;
				CODE_SIGN_STYLE = Automatic;
				CURRENT_PROJECT_VERSION = 1;
				DEVELOPMENT_ASSET_PATHS = "\"Monley/Preview Content\"";
				DEVELOPMENT_TEAM = 7SZG58ZTGU;
				ENABLE_HARDENED_RUNTIME = YES;
				ENABLE_PREVIEWS = YES;
				GENERATE_INFOPLIST_FILE = YES;
				"INFOPLIST_KEY_UIApplicationSceneManifest_Generation[sdk=iphoneos*]" = YES;
				"INFOPLIST_KEY_UIApplicationSceneManifest_Generation[sdk=iphonesimulator*]" = YES;
				"INFOPLIST_KEY_UIApplicationSupportsIndirectInputEvents[sdk=iphoneos*]" = YES;
				"INFOPLIST_KEY_UIApplicationSupportsIndirectInputEvents[sdk=iphonesimulator*]" = YES;
				"INFOPLIST_KEY_UILaunchScreen_Generation[sdk=iphoneos*]" = YES;
				"INFOPLIST_KEY_UILaunchScreen_Generation[sdk=iphonesimulator*]" = YES;
				"INFOPLIST_KEY_UIStatusBarStyle[sdk=iphoneos*]" = UIStatusBarStyleDefault;
				"INFOPLIST_KEY_UIStatusBarStyle[sdk=iphonesimulator*]" = UIStatusBarStyleDefault;
				INFOPLIST_KEY_UISupportedInterfaceOrientations_iPad = "UIInterfaceOrientationPortrait UIInterfaceOrientationPortraitUpsideDown UIInterfaceOrientationLandscapeLeft UIInterfaceOrientationLandscapeRight";
				INFOPLIST_KEY_UISupportedInterfaceOrientations_iPhone = "UIInterfaceOrientationPortrait UIInterfaceOrientationLandscapeLeft UIInterfaceOrientationLandscapeRight";
				IPHONEOS_DEPLOYMENT_TARGET = 17.2;
				LD_RUNPATH_SEARCH_PATHS = "@executable_path/Frameworks";
				"LD_RUNPATH_SEARCH_PATHS[sdk=macosx*]" = "@executable_path/../Frameworks";
				MACOSX_DEPLOYMENT_TARGET = 14.2;
				MARKETING_VERSION = 1.0;
				PRODUCT_BUNDLE_IDENTIFIER = com.monley.Monley;
				PRODUCT_NAME = "$(TARGET_NAME)";
				SDKROOT = auto;
				SUPPORTED_PLATFORMS = "iphoneos iphonesimulator macosx";
				SWIFT_EMIT_LOC_STRINGS = YES;
				SWIFT_VERSION = 5.0;
				TARGETED_DEVICE_FAMILY = "1,2";
			};
			name = Release;
		};
		773241BA2B73331D000DD570 /* Debug */ = {
			isa = XCBuildConfiguration;
			buildSettings = {
				ALWAYS_EMBED_SWIFT_STANDARD_LIBRARIES = YES;
				BUNDLE_LOADER = "$(TEST_HOST)";
				CODE_SIGN_STYLE = Automatic;
				CURRENT_PROJECT_VERSION = 1;
				DEVELOPMENT_TEAM = 7SZG58ZTGU;
				GENERATE_INFOPLIST_FILE = YES;
				IPHONEOS_DEPLOYMENT_TARGET = 17.2;
				MACOSX_DEPLOYMENT_TARGET = 14.2;
				MARKETING_VERSION = 1.0;
				PRODUCT_BUNDLE_IDENTIFIER = com.monley.MonleyTests;
				PRODUCT_NAME = "$(TARGET_NAME)";
				SDKROOT = auto;
				SUPPORTED_PLATFORMS = "iphoneos iphonesimulator macosx";
				SWIFT_EMIT_LOC_STRINGS = NO;
				SWIFT_VERSION = 5.0;
				TARGETED_DEVICE_FAMILY = "1,2";
				TEST_HOST = "$(BUILT_PRODUCTS_DIR)/Monley.app/$(BUNDLE_EXECUTABLE_FOLDER_PATH)/Monley";
			};
			name = Debug;
		};
		773241BB2B73331D000DD570 /* Release */ = {
			isa = XCBuildConfiguration;
			buildSettings = {
				ALWAYS_EMBED_SWIFT_STANDARD_LIBRARIES = YES;
				BUNDLE_LOADER = "$(TEST_HOST)";
				CODE_SIGN_STYLE = Automatic;
				CURRENT_PROJECT_VERSION = 1;
				DEVELOPMENT_TEAM = 7SZG58ZTGU;
				GENERATE_INFOPLIST_FILE = YES;
				IPHONEOS_DEPLOYMENT_TARGET = 17.2;
				MACOSX_DEPLOYMENT_TARGET = 14.2;
				MARKETING_VERSION = 1.0;
				PRODUCT_BUNDLE_IDENTIFIER = com.monley.MonleyTests;
				PRODUCT_NAME = "$(TARGET_NAME)";
				SDKROOT = auto;
				SUPPORTED_PLATFORMS = "iphoneos iphonesimulator macosx";
				SWIFT_EMIT_LOC_STRINGS = NO;
				SWIFT_VERSION = 5.0;
				TARGETED_DEVICE_FAMILY = "1,2";
				TEST_HOST = "$(BUILT_PRODUCTS_DIR)/Monley.app/$(BUNDLE_EXECUTABLE_FOLDER_PATH)/Monley";
			};
			name = Release;
		};
		773241BD2B73331D000DD570 /* Debug */ = {
			isa = XCBuildConfiguration;
			buildSettings = {
				ALWAYS_EMBED_SWIFT_STANDARD_LIBRARIES = YES;
				CODE_SIGN_STYLE = Automatic;
				CURRENT_PROJECT_VERSION = 1;
				DEVELOPMENT_TEAM = 7SZG58ZTGU;
				GENERATE_INFOPLIST_FILE = YES;
				IPHONEOS_DEPLOYMENT_TARGET = 17.2;
				MACOSX_DEPLOYMENT_TARGET = 14.2;
				MARKETING_VERSION = 1.0;
				PRODUCT_BUNDLE_IDENTIFIER = com.monley.MonleyUITests;
				PRODUCT_NAME = "$(TARGET_NAME)";
				SDKROOT = auto;
				SUPPORTED_PLATFORMS = "iphoneos iphonesimulator macosx";
				SWIFT_EMIT_LOC_STRINGS = NO;
				SWIFT_VERSION = 5.0;
				TARGETED_DEVICE_FAMILY = "1,2";
				TEST_TARGET_NAME = Monley;
			};
			name = Debug;
		};
		773241BE2B73331D000DD570 /* Release */ = {
			isa = XCBuildConfiguration;
			buildSettings = {
				ALWAYS_EMBED_SWIFT_STANDARD_LIBRARIES = YES;
				CODE_SIGN_STYLE = Automatic;
				CURRENT_PROJECT_VERSION = 1;
				DEVELOPMENT_TEAM = 7SZG58ZTGU;
				GENERATE_INFOPLIST_FILE = YES;
				IPHONEOS_DEPLOYMENT_TARGET = 17.2;
				MACOSX_DEPLOYMENT_TARGET = 14.2;
				MARKETING_VERSION = 1.0;
				PRODUCT_BUNDLE_IDENTIFIER = com.monley.MonleyUITests;
				PRODUCT_NAME = "$(TARGET_NAME)";
				SDKROOT = auto;
				SUPPORTED_PLATFORMS = "iphoneos iphonesimulator macosx";
				SWIFT_EMIT_LOC_STRINGS = NO;
				SWIFT_VERSION = 5.0;
				TARGETED_DEVICE_FAMILY = "1,2";
				TEST_TARGET_NAME = Monley;
			};
			name = Release;
		};
/* End XCBuildConfiguration section */

/* Begin XCConfigurationList section */
		7732418C2B73331B000DD570 /* Build configuration list for PBXProject "Monley" */ = {
			isa = XCConfigurationList;
			buildConfigurations = (
				773241B42B73331D000DD570 /* Debug */,
				773241B52B73331D000DD570 /* Release */,
			);
			defaultConfigurationIsVisible = 0;
			defaultConfigurationName = Release;
		};
		773241B62B73331D000DD570 /* Build configuration list for PBXNativeTarget "Monley" */ = {
			isa = XCConfigurationList;
			buildConfigurations = (
				773241B72B73331D000DD570 /* Debug */,
				773241B82B73331D000DD570 /* Release */,
			);
			defaultConfigurationIsVisible = 0;
			defaultConfigurationName = Release;
		};
		773241B92B73331D000DD570 /* Build configuration list for PBXNativeTarget "MonleyTests" */ = {
			isa = XCConfigurationList;
			buildConfigurations = (
				773241BA2B73331D000DD570 /* Debug */,
				773241BB2B73331D000DD570 /* Release */,
			);
			defaultConfigurationIsVisible = 0;
			defaultConfigurationName = Release;
		};
		773241BC2B73331D000DD570 /* Build configuration list for PBXNativeTarget "MonleyUITests" */ = {
			isa = XCConfigurationList;
			buildConfigurations = (
				773241BD2B73331D000DD570 /* Debug */,
				773241BE2B73331D000DD570 /* Release */,
			);
			defaultConfigurationIsVisible = 0;
			defaultConfigurationName = Release;
		};
/* End XCConfigurationList section */
	};
	rootObject = 773241892B73331B000DD570 /* Project object */;
}
